
Microsoft Visual Studio Solution File, Format Version 12.00
# Visual Studio Version 17
VisualStudioVersion = 17.9.34622.214
MinimumVisualStudioVersion = 10.0.40219.1
Project("{FAE04EC0-301F-11D3-BF4B-00C04F79EFBC}") = "HahnTickets.Api", "HahnTickets.Api\HahnTickets.Api.csproj", "{376C76A9-ADDB-4F39-A2AB-4E821D2E9BF2}"
EndProject
Project("{FAE04EC0-301F-11D3-BF4B-00C04F79EFBC}") = "HahnTickets.Application", "HahnTickets.Application\HahnTickets.Application.csproj", "{4043B4CD-8205-4E1C-9ABA-F8193DB97921}"
EndProject
Project("{FAE04EC0-301F-11D3-BF4B-00C04F79EFBC}") = "HahnTickets.Domain", "HahnTickets.Domain\HahnTickets.Domain.csproj", "{DF9A4F61-0ADD-4525-9410-8BA8E2DDDF9D}"
EndProject
Project("{FAE04EC0-301F-11D3-BF4B-00C04F79EFBC}") = "HahnTickets.Infrastructure", "HahnTickets.Infrastructure\HahnTickets.Infrastructure.csproj", "{2B67ABCD-A2D5-45D1-8926-708F7C5DE13E}"
EndProject
Project("{FAE04EC0-301F-11D3-BF4B-00C04F79EFBC}") = "HahnTickets.Shared", "HahnTickets.Shared\HahnTickets.Shared.csproj", "{7643D697-88EF-407E-9D7F-02D2E257B653}"
EndProject
Global
	GlobalSection(SolutionConfigurationPlatforms) = preSolution
		Debug|Any CPU = Debug|Any CPU
		Release|Any CPU = Release|Any CPU
	EndGlobalSection
	GlobalSection(ProjectConfigurationPlatforms) = postSolution
		{376C76A9-ADDB-4F39-A2AB-4E821D2E9BF2}.Debug|Any CPU.ActiveCfg = Debug|Any CPU
		{376C76A9-ADDB-4F39-A2AB-4E821D2E9BF2}.Debug|Any CPU.Build.0 = Debug|Any CPU
		{376C76A9-ADDB-4F39-A2AB-4E821D2E9BF2}.Release|Any CPU.ActiveCfg = Release|Any CPU
		{376C76A9-ADDB-4F39-A2AB-4E821D2E9BF2}.Release|Any CPU.Build.0 = Release|Any CPU
		{4043B4CD-8205-4E1C-9ABA-F8193DB97921}.Debug|Any CPU.ActiveCfg = Debug|Any CPU
		{4043B4CD-8205-4E1C-9ABA-F8193DB97921}.Debug|Any CPU.Build.0 = Debug|Any CPU
		{4043B4CD-8205-4E1C-9ABA-F8193DB97921}.Release|Any CPU.ActiveCfg = Release|Any CPU
		{4043B4CD-8205-4E1C-9ABA-F8193DB97921}.Release|Any CPU.Build.0 = Release|Any CPU
		{DF9A4F61-0ADD-4525-9410-8BA8E2DDDF9D}.Debug|Any CPU.ActiveCfg = Debug|Any CPU
		{DF9A4F61-0ADD-4525-9410-8BA8E2DDDF9D}.Debug|Any CPU.Build.0 = Debug|Any CPU
		{DF9A4F61-0ADD-4525-9410-8BA8E2DDDF9D}.Release|Any CPU.ActiveCfg = Release|Any CPU
		{DF9A4F61-0ADD-4525-9410-8BA8E2DDDF9D}.Release|Any CPU.Build.0 = Release|Any CPU
		{2B67ABCD-A2D5-45D1-8926-708F7C5DE13E}.Debug|Any CPU.ActiveCfg = Debug|Any CPU
		{2B67ABCD-A2D5-45D1-8926-708F7C5DE13E}.Debug|Any CPU.Build.0 = Debug|Any CPU
		{2B67ABCD-A2D5-45D1-8926-708F7C5DE13E}.Release|Any CPU.ActiveCfg = Release|Any CPU
		{2B67ABCD-A2D5-45D1-8926-708F7C5DE13E}.Release|Any CPU.Build.0 = Release|Any CPU
		{7643D697-88EF-407E-9D7F-02D2E257B653}.Debug|Any CPU.ActiveCfg = Debug|Any CPU
		{7643D697-88EF-407E-9D7F-02D2E257B653}.Debug|Any CPU.Build.0 = Debug|Any CPU
		{7643D697-88EF-407E-9D7F-02D2E257B653}.Release|Any CPU.ActiveCfg = Release|Any CPU
		{7643D697-88EF-407E-9D7F-02D2E257B653}.Release|Any CPU.Build.0 = Release|Any CPU
	EndGlobalSection
	GlobalSection(SolutionProperties) = preSolution
		HideSolutionNode = FALSE
	EndGlobalSection
	GlobalSection(ExtensibilityGlobals) = postSolution
		SolutionGuid = {47B4810B-52DE-4DF7-9E59-F4D6BD286B56}
	EndGlobalSection
EndGlobal
